# THIS IS AN AUTOGENERATED FILE. DO NOT EDIT THIS FILE DIRECTLY.
# yarn lockfile v1


uWebSockets.js@uNetworking/uWebSockets.js#binaries:
  version "20.24.0"
  resolved "https://codeload.github.com/uNetworking/uWebSockets.js/tar.gz/5abfc4f31eb5e4abf8ac881eaf3fda2e15285671"

uWebSockets@uNetworking/uWebSockets:
  version "0.0.0"
  resolved "https://codeload.github.com/uNetworking/uWebSockets/tar.gz/deb3f13cedf985f5370e8dbd34e10d621a35646a"
